
Microsoft Visual Studio Solution File, Format Version 12.00
# Visual Studio Version 16
VisualStudioVersion = 16.0.29806.167
MinimumVisualStudioVersion = 10.0.40219.1
Project("{FAE04EC0-301F-11D3-BF4B-00C04F79EFBC}") = "ClassLibrary1", "ClassLibrary1\ClassLibrary1.csproj", "{0B3AF12D-874F-45E6-88DC-725819B01D29}"
EndProject
Project("{FAE04EC0-301F-11D3-BF4B-00C04F79EFBC}") = "WebApplication1", "WebApplication1\WebApplication1.csproj", "{BB3F3AC7-4298-401A-973B-E1D919EA03D3}"
EndProject
Global
	GlobalSection(SolutionConfigurationPlatforms) = preSolution
		Debug|Any CPU = Debug|Any CPU
		Release|Any CPU = Release|Any CPU
	EndGlobalSection
	GlobalSection(ProjectConfigurationPlatforms) = postSolution
		{0B3AF12D-874F-45E6-88DC-725819B01D29}.Debug|Any CPU.ActiveCfg = Debug|Any CPU
		{0B3AF12D-874F-45E6-88DC-725819B01D29}.Debug|Any CPU.Build.0 = Debug|Any CPU
		{0B3AF12D-874F-45E6-88DC-725819B01D29}.Release|Any CPU.ActiveCfg = Release|Any CPU
		{0B3AF12D-874F-45E6-88DC-725819B01D29}.Release|Any CPU.Build.0 = Release|Any CPU
		{BB3F3AC7-4298-401A-973B-E1D919EA03D3}.Debug|Any CPU.ActiveCfg = Debug|Any CPU
		{BB3F3AC7-4298-401A-973B-E1D919EA03D3}.Debug|Any CPU.Build.0 = Debug|Any CPU
		{BB3F3AC7-4298-401A-973B-E1D919EA03D3}.Release|Any CPU.ActiveCfg = Release|Any CPU
		{BB3F3AC7-4298-401A-973B-E1D919EA03D3}.Release|Any CPU.Build.0 = Release|Any CPU
	EndGlobalSection
	GlobalSection(SolutionProperties) = preSolution
		HideSolutionNode = FALSE
	EndGlobalSection
	GlobalSection(ExtensibilityGlobals) = postSolution
		SolutionGuid = {B78620A7-D16F-4B55-AE82-2D03953F9D75}
	EndGlobalSection
EndGlobal
